
Microsoft Visual Studio Solution File, Format Version 12.00
# Visual Studio 15
VisualStudioVersion = 15.0.26124.0
MinimumVisualStudioVersion = 15.0.26124.0
Project("{FAE04EC0-301F-11D3-BF4B-00C04F79EFBC}") = "Domain", "Api.Domain\Domain.csproj", "{7F1D2128-099C-4F80-BBA6-743D08F9629A}"
EndProject
Project("{FAE04EC0-301F-11D3-BF4B-00C04F79EFBC}") = "CrossCutting", "Api.CrossCutting\CrossCutting.csproj", "{7EA0070C-7946-45DF-9B21-CFAA86842E54}"
EndProject
Project("{FAE04EC0-301F-11D3-BF4B-00C04F79EFBC}") = "Data", "Api.Data\Data.csproj", "{FAF0001C-94AD-4658-A3D1-3FCE6DBF83E9}"
EndProject
Project("{FAE04EC0-301F-11D3-BF4B-00C04F79EFBC}") = "Service", "Api.Service\Service.csproj", "{2302BF36-BFA6-47F3-A739-1A62E12CFABB}"
EndProject
Project("{FAE04EC0-301F-11D3-BF4B-00C04F79EFBC}") = "application", "Api.Application\application.csproj", "{27B8CCFC-91D0-4479-B8FF-4F37BDD89E51}"
EndProject
Global
	GlobalSection(SolutionConfigurationPlatforms) = preSolution
		Debug|Any CPU = Debug|Any CPU
		Debug|x64 = Debug|x64
		Debug|x86 = Debug|x86
		Release|Any CPU = Release|Any CPU
		Release|x64 = Release|x64
		Release|x86 = Release|x86
	EndGlobalSection
	GlobalSection(SolutionProperties) = preSolution
		HideSolutionNode = FALSE
	EndGlobalSection
	GlobalSection(ProjectConfigurationPlatforms) = postSolution
		{7F1D2128-099C-4F80-BBA6-743D08F9629A}.Debug|Any CPU.ActiveCfg = Debug|Any CPU
		{7F1D2128-099C-4F80-BBA6-743D08F9629A}.Debug|Any CPU.Build.0 = Debug|Any CPU
		{7F1D2128-099C-4F80-BBA6-743D08F9629A}.Debug|x64.ActiveCfg = Debug|Any CPU
		{7F1D2128-099C-4F80-BBA6-743D08F9629A}.Debug|x64.Build.0 = Debug|Any CPU
		{7F1D2128-099C-4F80-BBA6-743D08F9629A}.Debug|x86.ActiveCfg = Debug|Any CPU
		{7F1D2128-099C-4F80-BBA6-743D08F9629A}.Debug|x86.Build.0 = Debug|Any CPU
		{7F1D2128-099C-4F80-BBA6-743D08F9629A}.Release|Any CPU.ActiveCfg = Release|Any CPU
		{7F1D2128-099C-4F80-BBA6-743D08F9629A}.Release|Any CPU.Build.0 = Release|Any CPU
		{7F1D2128-099C-4F80-BBA6-743D08F9629A}.Release|x64.ActiveCfg = Release|Any CPU
		{7F1D2128-099C-4F80-BBA6-743D08F9629A}.Release|x64.Build.0 = Release|Any CPU
		{7F1D2128-099C-4F80-BBA6-743D08F9629A}.Release|x86.ActiveCfg = Release|Any CPU
		{7F1D2128-099C-4F80-BBA6-743D08F9629A}.Release|x86.Build.0 = Release|Any CPU
		{7EA0070C-7946-45DF-9B21-CFAA86842E54}.Debug|Any CPU.ActiveCfg = Debug|Any CPU
		{7EA0070C-7946-45DF-9B21-CFAA86842E54}.Debug|Any CPU.Build.0 = Debug|Any CPU
		{7EA0070C-7946-45DF-9B21-CFAA86842E54}.Debug|x64.ActiveCfg = Debug|Any CPU
		{7EA0070C-7946-45DF-9B21-CFAA86842E54}.Debug|x64.Build.0 = Debug|Any CPU
		{7EA0070C-7946-45DF-9B21-CFAA86842E54}.Debug|x86.ActiveCfg = Debug|Any CPU
		{7EA0070C-7946-45DF-9B21-CFAA86842E54}.Debug|x86.Build.0 = Debug|Any CPU
		{7EA0070C-7946-45DF-9B21-CFAA86842E54}.Release|Any CPU.ActiveCfg = Release|Any CPU
		{7EA0070C-7946-45DF-9B21-CFAA86842E54}.Release|Any CPU.Build.0 = Release|Any CPU
		{7EA0070C-7946-45DF-9B21-CFAA86842E54}.Release|x64.ActiveCfg = Release|Any CPU
		{7EA0070C-7946-45DF-9B21-CFAA86842E54}.Release|x64.Build.0 = Release|Any CPU
		{7EA0070C-7946-45DF-9B21-CFAA86842E54}.Release|x86.ActiveCfg = Release|Any CPU
		{7EA0070C-7946-45DF-9B21-CFAA86842E54}.Release|x86.Build.0 = Release|Any CPU
		{FAF0001C-94AD-4658-A3D1-3FCE6DBF83E9}.Debug|Any CPU.ActiveCfg = Debug|Any CPU
		{FAF0001C-94AD-4658-A3D1-3FCE6DBF83E9}.Debug|Any CPU.Build.0 = Debug|Any CPU
		{FAF0001C-94AD-4658-A3D1-3FCE6DBF83E9}.Debug|x64.ActiveCfg = Debug|Any CPU
		{FAF0001C-94AD-4658-A3D1-3FCE6DBF83E9}.Debug|x64.Build.0 = Debug|Any CPU
		{FAF0001C-94AD-4658-A3D1-3FCE6DBF83E9}.Debug|x86.ActiveCfg = Debug|Any CPU
		{FAF0001C-94AD-4658-A3D1-3FCE6DBF83E9}.Debug|x86.Build.0 = Debug|Any CPU
		{FAF0001C-94AD-4658-A3D1-3FCE6DBF83E9}.Release|Any CPU.ActiveCfg = Release|Any CPU
		{FAF0001C-94AD-4658-A3D1-3FCE6DBF83E9}.Release|Any CPU.Build.0 = Release|Any CPU
		{FAF0001C-94AD-4658-A3D1-3FCE6DBF83E9}.Release|x64.ActiveCfg = Release|Any CPU
		{FAF0001C-94AD-4658-A3D1-3FCE6DBF83E9}.Release|x64.Build.0 = Release|Any CPU
		{FAF0001C-94AD-4658-A3D1-3FCE6DBF83E9}.Release|x86.ActiveCfg = Release|Any CPU
		{FAF0001C-94AD-4658-A3D1-3FCE6DBF83E9}.Release|x86.Build.0 = Release|Any CPU
		{2302BF36-BFA6-47F3-A739-1A62E12CFABB}.Debug|Any CPU.ActiveCfg = Debug|Any CPU
		{2302BF36-BFA6-47F3-A739-1A62E12CFABB}.Debug|Any CPU.Build.0 = Debug|Any CPU
		{2302BF36-BFA6-47F3-A739-1A62E12CFABB}.Debug|x64.ActiveCfg = Debug|Any CPU
		{2302BF36-BFA6-47F3-A739-1A62E12CFABB}.Debug|x64.Build.0 = Debug|Any CPU
		{2302BF36-BFA6-47F3-A739-1A62E12CFABB}.Debug|x86.ActiveCfg = Debug|Any CPU
		{2302BF36-BFA6-47F3-A739-1A62E12CFABB}.Debug|x86.Build.0 = Debug|Any CPU
		{2302BF36-BFA6-47F3-A739-1A62E12CFABB}.Release|Any CPU.ActiveCfg = Release|Any CPU
		{2302BF36-BFA6-47F3-A739-1A62E12CFABB}.Release|Any CPU.Build.0 = Release|Any CPU
		{2302BF36-BFA6-47F3-A739-1A62E12CFABB}.Release|x64.ActiveCfg = Release|Any CPU
		{2302BF36-BFA6-47F3-A739-1A62E12CFABB}.Release|x64.Build.0 = Release|Any CPU
		{2302BF36-BFA6-47F3-A739-1A62E12CFABB}.Release|x86.ActiveCfg = Release|Any CPU
		{2302BF36-BFA6-47F3-A739-1A62E12CFABB}.Release|x86.Build.0 = Release|Any CPU
		{27B8CCFC-91D0-4479-B8FF-4F37BDD89E51}.Debug|Any CPU.ActiveCfg = Debug|Any CPU
		{27B8CCFC-91D0-4479-B8FF-4F37BDD89E51}.Debug|Any CPU.Build.0 = Debug|Any CPU
		{27B8CCFC-91D0-4479-B8FF-4F37BDD89E51}.Debug|x64.ActiveCfg = Debug|Any CPU
		{27B8CCFC-91D0-4479-B8FF-4F37BDD89E51}.Debug|x64.Build.0 = Debug|Any CPU
		{27B8CCFC-91D0-4479-B8FF-4F37BDD89E51}.Debug|x86.ActiveCfg = Debug|Any CPU
		{27B8CCFC-91D0-4479-B8FF-4F37BDD89E51}.Debug|x86.Build.0 = Debug|Any CPU
		{27B8CCFC-91D0-4479-B8FF-4F37BDD89E51}.Release|Any CPU.ActiveCfg = Release|Any CPU
		{27B8CCFC-91D0-4479-B8FF-4F37BDD89E51}.Release|Any CPU.Build.0 = Release|Any CPU
		{27B8CCFC-91D0-4479-B8FF-4F37BDD89E51}.Release|x64.ActiveCfg = Release|Any CPU
		{27B8CCFC-91D0-4479-B8FF-4F37BDD89E51}.Release|x64.Build.0 = Release|Any CPU
		{27B8CCFC-91D0-4479-B8FF-4F37BDD89E51}.Release|x86.ActiveCfg = Release|Any CPU
		{27B8CCFC-91D0-4479-B8FF-4F37BDD89E51}.Release|x86.Build.0 = Release|Any CPU
	EndGlobalSection
EndGlobal
